// !$*UTF8*$!
{
	archiveVersion = 1;
	classes = {
	};
	objectVersion = 55;
	objects = {

/* Begin PBXBuildFile section */
		971530D12869BA190025BC4E /* AppConstants.swift in Sources */ = {isa = PBXBuildFile; fileRef = 971530D02869BA190025BC4E /* AppConstants.swift */; };
		971530D32869BBE20025BC4E /* TokenModel.swift in Sources */ = {isa = PBXBuildFile; fileRef = 971530D22869BBE20025BC4E /* TokenModel.swift */; };
		971530D52869BC070025BC4E /* NetworkService.swift in Sources */ = {isa = PBXBuildFile; fileRef = 971530D42869BC070025BC4E /* NetworkService.swift */; };
		971530D82869BC680025BC4E /* Alamofire in Frameworks */ = {isa = PBXBuildFile; productRef = 971530D72869BC680025BC4E /* Alamofire */; };
		971530DF2869CC520025BC4E /* ProfilesPresenter.swift in Sources */ = {isa = PBXBuildFile; fileRef = 971530DE2869CC520025BC4E /* ProfilesPresenter.swift */; };
		971530EB2869DE520025BC4E /* FavouritesPresenter.swift in Sources */ = {isa = PBXBuildFile; fileRef = 971530EA2869DE520025BC4E /* FavouritesPresenter.swift */; };
		974DC441286B8D960061DC83 /* Kingfisher in Frameworks */ = {isa = PBXBuildFile; productRef = 974DC440286B8D960061DC83 /* Kingfisher */; };
		97750CA3286CC4860095AFA6 /* SQLite in Frameworks */ = {isa = PBXBuildFile; productRef = 97750CA2286CC4860095AFA6 /* SQLite */; };
		977D8222286E0A1E00E9B27C /* SQLiteDatabase.swift in Sources */ = {isa = PBXBuildFile; fileRef = 977D8221286E0A1E00E9B27C /* SQLiteDatabase.swift */; };
		977D8224286E0AD100E9B27C /* SQLiteCommands.swift in Sources */ = {isa = PBXBuildFile; fileRef = 977D8223286E0AD100E9B27C /* SQLiteCommands.swift */; };
		977D8226286E0BC200E9B27C /* DatabaseModel.swift in Sources */ = {isa = PBXBuildFile; fileRef = 977D8225286E0BC200E9B27C /* DatabaseModel.swift */; };
		9781CC8328888B740076803D /* FavouritesViewCellModel.swift in Sources */ = {isa = PBXBuildFile; fileRef = 9781CC8228888B740076803D /* FavouritesViewCellModel.swift */; };
		9781CC8628888C090076803D /* ProfilesViewCellModel.swift in Sources */ = {isa = PBXBuildFile; fileRef = 9781CC8528888C090076803D /* ProfilesViewCellModel.swift */; };
		97E32F90286A2219000DD4A2 /* SnapKit in Frameworks */ = {isa = PBXBuildFile; productRef = 97E32F8F286A2219000DD4A2 /* SnapKit */; };
		97FDA1E92866EF96001D4A17 /* AppDelegate.swift in Sources */ = {isa = PBXBuildFile; fileRef = 97FDA1E82866EF96001D4A17 /* AppDelegate.swift */; };
		97FDA1EB2866EF96001D4A17 /* SceneDelegate.swift in Sources */ = {isa = PBXBuildFile; fileRef = 97FDA1EA2866EF96001D4A17 /* SceneDelegate.swift */; };
		97FDA1F22866EF97001D4A17 /* Assets.xcassets in Resources */ = {isa = PBXBuildFile; fileRef = 97FDA1F12866EF97001D4A17 /* Assets.xcassets */; };
		97FDA1F52866EF97001D4A17 /* LaunchScreen.storyboard in Resources */ = {isa = PBXBuildFile; fileRef = 97FDA1F32866EF97001D4A17 /* LaunchScreen.storyboard */; };
		97FDA1FD2866F339001D4A17 /* LoginViewController.swift in Sources */ = {isa = PBXBuildFile; fileRef = 97FDA1FC2866F339001D4A17 /* LoginViewController.swift */; };
		97FDA1FF2866F39F001D4A17 /* MainTabBarController.swift in Sources */ = {isa = PBXBuildFile; fileRef = 97FDA1FE2866F39F001D4A17 /* MainTabBarController.swift */; };
		97FDA2012866F45E001D4A17 /* ProfilesViewController.swift in Sources */ = {isa = PBXBuildFile; fileRef = 97FDA2002866F45E001D4A17 /* ProfilesViewController.swift */; };
		97FDA2032866F50D001D4A17 /* FavouritesViewController.swift in Sources */ = {isa = PBXBuildFile; fileRef = 97FDA2022866F50D001D4A17 /* FavouritesViewController.swift */; };
		97FDA2052866F79C001D4A17 /* ProfilesViewCell.swift in Sources */ = {isa = PBXBuildFile; fileRef = 97FDA2042866F79C001D4A17 /* ProfilesViewCell.swift */; };
		97FDA2082866F7BA001D4A17 /* FavouritesViewCell.swift in Sources */ = {isa = PBXBuildFile; fileRef = 97FDA2072866F7BA001D4A17 /* FavouritesViewCell.swift */; };
		97FDA20E2866FBF7001D4A17 /* SnapKit in Frameworks */ = {isa = PBXBuildFile; productRef = 97FDA20D2866FBF7001D4A17 /* SnapKit */; };
		97FDA21F286727D7001D4A17 /* Profile.swift in Sources */ = {isa = PBXBuildFile; fileRef = 97FDA21E286727D7001D4A17 /* Profile.swift */; };
/* End PBXBuildFile section */

/* Begin PBXFileReference section */
		971530D02869BA190025BC4E /* AppConstants.swift */ = {isa = PBXFileReference; lastKnownFileType = sourcecode.swift; path = AppConstants.swift; sourceTree = "<group>"; };
		971530D22869BBE20025BC4E /* TokenModel.swift */ = {isa = PBXFileReference; lastKnownFileType = sourcecode.swift; path = TokenModel.swift; sourceTree = "<group>"; };
		971530D42869BC070025BC4E /* NetworkService.swift */ = {isa = PBXFileReference; lastKnownFileType = sourcecode.swift; path = NetworkService.swift; sourceTree = "<group>"; };
		971530DE2869CC520025BC4E /* ProfilesPresenter.swift */ = {isa = PBXFileReference; lastKnownFileType = sourcecode.swift; path = ProfilesPresenter.swift; sourceTree = "<group>"; };
		971530EA2869DE520025BC4E /* FavouritesPresenter.swift */ = {isa = PBXFileReference; lastKnownFileType = sourcecode.swift; path = FavouritesPresenter.swift; sourceTree = "<group>"; };
		977D8221286E0A1E00E9B27C /* SQLiteDatabase.swift */ = {isa = PBXFileReference; lastKnownFileType = sourcecode.swift; path = SQLiteDatabase.swift; sourceTree = "<group>"; };
		977D8223286E0AD100E9B27C /* SQLiteCommands.swift */ = {isa = PBXFileReference; lastKnownFileType = sourcecode.swift; path = SQLiteCommands.swift; sourceTree = "<group>"; };
		977D8225286E0BC200E9B27C /* DatabaseModel.swift */ = {isa = PBXFileReference; lastKnownFileType = sourcecode.swift; path = DatabaseModel.swift; sourceTree = "<group>"; };
		9781CC8228888B740076803D /* FavouritesViewCellModel.swift */ = {isa = PBXFileReference; lastKnownFileType = sourcecode.swift; path = FavouritesViewCellModel.swift; sourceTree = "<group>"; };
		9781CC8528888C090076803D /* ProfilesViewCellModel.swift */ = {isa = PBXFileReference; lastKnownFileType = sourcecode.swift; path = ProfilesViewCellModel.swift; sourceTree = "<group>"; };
		97FDA1E52866EF96001D4A17 /* MediasoftTaskProject.app */ = {isa = PBXFileReference; explicitFileType = wrapper.application; includeInIndex = 0; path = MediasoftTaskProject.app; sourceTree = BUILT_PRODUCTS_DIR; };
		97FDA1E82866EF96001D4A17 /* AppDelegate.swift */ = {isa = PBXFileReference; lastKnownFileType = sourcecode.swift; path = AppDelegate.swift; sourceTree = "<group>"; };
		97FDA1EA2866EF96001D4A17 /* SceneDelegate.swift */ = {isa = PBXFileReference; lastKnownFileType = sourcecode.swift; path = SceneDelegate.swift; sourceTree = "<group>"; };
		97FDA1F12866EF97001D4A17 /* Assets.xcassets */ = {isa = PBXFileReference; lastKnownFileType = folder.assetcatalog; path = Assets.xcassets; sourceTree = "<group>"; };
		97FDA1F42866EF97001D4A17 /* Base */ = {isa = PBXFileReference; lastKnownFileType = file.storyboard; name = Base; path = Base.lproj/LaunchScreen.storyboard; sourceTree = "<group>"; };
		97FDA1F62866EF97001D4A17 /* Info.plist */ = {isa = PBXFileReference; lastKnownFileType = text.plist.xml; path = Info.plist; sourceTree = "<group>"; };
		97FDA1FC2866F339001D4A17 /* LoginViewController.swift */ = {isa = PBXFileReference; lastKnownFileType = sourcecode.swift; path = LoginViewController.swift; sourceTree = "<group>"; };
		97FDA1FE2866F39F001D4A17 /* MainTabBarController.swift */ = {isa = PBXFileReference; lastKnownFileType = sourcecode.swift; path = MainTabBarController.swift; sourceTree = "<group>"; };
		97FDA2002866F45E001D4A17 /* ProfilesViewController.swift */ = {isa = PBXFileReference; lastKnownFileType = sourcecode.swift; path = ProfilesViewController.swift; sourceTree = "<group>"; };
		97FDA2022866F50D001D4A17 /* FavouritesViewController.swift */ = {isa = PBXFileReference; lastKnownFileType = sourcecode.swift; path = FavouritesViewController.swift; sourceTree = "<group>"; };
		97FDA2042866F79C001D4A17 /* ProfilesViewCell.swift */ = {isa = PBXFileReference; lastKnownFileType = sourcecode.swift; path = ProfilesViewCell.swift; sourceTree = "<group>"; };
		97FDA2072866F7BA001D4A17 /* FavouritesViewCell.swift */ = {isa = PBXFileReference; lastKnownFileType = sourcecode.swift; path = FavouritesViewCell.swift; sourceTree = "<group>"; };
		97FDA21E286727D7001D4A17 /* Profile.swift */ = {isa = PBXFileReference; lastKnownFileType = sourcecode.swift; path = Profile.swift; sourceTree = "<group>"; };
/* End PBXFileReference section */

/* Begin PBXFrameworksBuildPhase section */
		97FDA1E22866EF96001D4A17 /* Frameworks */ = {
			isa = PBXFrameworksBuildPhase;
			buildActionMask = 2147483647;
			files = (
				97750CA3286CC4860095AFA6 /* SQLite in Frameworks */,
				974DC441286B8D960061DC83 /* Kingfisher in Frameworks */,
				97E32F90286A2219000DD4A2 /* SnapKit in Frameworks */,
				97FDA20E2866FBF7001D4A17 /* SnapKit in Frameworks */,
				971530D82869BC680025BC4E /* Alamofire in Frameworks */,
			);
			runOnlyForDeploymentPostprocessing = 0;
		};
/* End PBXFrameworksBuildPhase section */

/* Begin PBXGroup section */
		971530CE2869B91B0025BC4E /* Services */ = {
			isa = PBXGroup;
			children = (
				971530D42869BC070025BC4E /* NetworkService.swift */,
			);
			path = Services;
			sourceTree = "<group>";
		};
		971530D92869C33D0025BC4E /* Presentation */ = {
			isa = PBXGroup;
			children = (
				97FDA2092866F7BE001D4A17 /* FavouritesView */,
				97FDA20A2866F92A001D4A17 /* LoginView */,
				97FDA2062866F7A3001D4A17 /* ProfilesView */,
				97FDA20B2866F944001D4A17 /* TabBar */,
			);
			path = Presentation;
			sourceTree = "<group>";
		};
		971530E82869DD8A0025BC4E /* Cell */ = {
			isa = PBXGroup;
			children = (
				97FDA2042866F79C001D4A17 /* ProfilesViewCell.swift */,
			);
			path = Cell;
			sourceTree = "<group>";
		};
		971530E92869DE3E0025BC4E /* Cell */ = {
			isa = PBXGroup;
			children = (
				97FDA2072866F7BA001D4A17 /* FavouritesViewCell.swift */,
			);
			path = Cell;
			sourceTree = "<group>";
		};
		9781CC8128888B380076803D /* Model */ = {
			isa = PBXGroup;
			children = (
				9781CC8228888B740076803D /* FavouritesViewCellModel.swift */,
			);
			path = Model;
			sourceTree = "<group>";
		};
		9781CC8428888BF00076803D /* Model */ = {
			isa = PBXGroup;
			children = (
				9781CC8528888C090076803D /* ProfilesViewCellModel.swift */,
			);
			path = Model;
			sourceTree = "<group>";
		};
		97A511712888069900A08FF6 /* Database */ = {
			isa = PBXGroup;
			children = (
				977D8223286E0AD100E9B27C /* SQLiteCommands.swift */,
				977D8221286E0A1E00E9B27C /* SQLiteDatabase.swift */,
			);
			path = Database;
			sourceTree = "<group>";
		};
		97FDA1DC2866EF96001D4A17 = {
			isa = PBXGroup;
			children = (
				97FDA1E72866EF96001D4A17 /* MediasoftTaskProject */,
				97FDA1E62866EF96001D4A17 /* Products */,
			);
			sourceTree = "<group>";
		};
		97FDA1E62866EF96001D4A17 /* Products */ = {
			isa = PBXGroup;
			children = (
				97FDA1E52866EF96001D4A17 /* MediasoftTaskProject.app */,
			);
			name = Products;
			sourceTree = "<group>";
		};
		97FDA1E72866EF96001D4A17 /* MediasoftTaskProject */ = {
			isa = PBXGroup;
			children = (
				97FDA22028675A1C001D4A17 /* Application */,
				97A511712888069900A08FF6 /* Database */,
				971530D92869C33D0025BC4E /* Presentation */,
				971530CE2869B91B0025BC4E /* Services */,
				97FDA21D286727BF001D4A17 /* Models */,
				97FDA1F12866EF97001D4A17 /* Assets.xcassets */,
				97FDA1F32866EF97001D4A17 /* LaunchScreen.storyboard */,
				97FDA1F62866EF97001D4A17 /* Info.plist */,
			);
			path = MediasoftTaskProject;
			sourceTree = "<group>";
		};
		97FDA2062866F7A3001D4A17 /* ProfilesView */ = {
			isa = PBXGroup;
			children = (
				97FDA2002866F45E001D4A17 /* ProfilesViewController.swift */,
				971530DE2869CC520025BC4E /* ProfilesPresenter.swift */,
				971530E82869DD8A0025BC4E /* Cell */,
				9781CC8428888BF00076803D /* Model */,
			);
			path = ProfilesView;
			sourceTree = "<group>";
		};
		97FDA2092866F7BE001D4A17 /* FavouritesView */ = {
			isa = PBXGroup;
			children = (
				97FDA2022866F50D001D4A17 /* FavouritesViewController.swift */,
				971530EA2869DE520025BC4E /* FavouritesPresenter.swift */,
				971530E92869DE3E0025BC4E /* Cell */,
				9781CC8128888B380076803D /* Model */,
			);
			path = FavouritesView;
			sourceTree = "<group>";
		};
		97FDA20A2866F92A001D4A17 /* LoginView */ = {
			isa = PBXGroup;
			children = (
				97FDA1FC2866F339001D4A17 /* LoginViewController.swift */,
			);
			path = LoginView;
			sourceTree = "<group>";
		};
		97FDA20B2866F944001D4A17 /* TabBar */ = {
			isa = PBXGroup;
			children = (
				97FDA1FE2866F39F001D4A17 /* MainTabBarController.swift */,
			);
			path = TabBar;
			sourceTree = "<group>";
		};
		97FDA21D286727BF001D4A17 /* Models */ = {
			isa = PBXGroup;
			children = (
				977D8225286E0BC200E9B27C /* DatabaseModel.swift */,
				97FDA21E286727D7001D4A17 /* Profile.swift */,
				971530D22869BBE20025BC4E /* TokenModel.swift */,
			);
			path = Models;
			sourceTree = "<group>";
		};
		97FDA22028675A1C001D4A17 /* Application */ = {
			isa = PBXGroup;
			children = (
				97FDA1E82866EF96001D4A17 /* AppDelegate.swift */,
				97FDA1EA2866EF96001D4A17 /* SceneDelegate.swift */,
				971530D02869BA190025BC4E /* AppConstants.swift */,
			);
			path = Application;
			sourceTree = "<group>";
		};
/* End PBXGroup section */

/* Begin PBXNativeTarget section */
		97FDA1E42866EF96001D4A17 /* MediasoftTaskProject */ = {
			isa = PBXNativeTarget;
			buildConfigurationList = 97FDA1F92866EF97001D4A17 /* Build configuration list for PBXNativeTarget "MediasoftTaskProject" */;
			buildPhases = (
				97FDA1E12866EF96001D4A17 /* Sources */,
				97FDA1E22866EF96001D4A17 /* Frameworks */,
				97FDA1E32866EF96001D4A17 /* Resources */,
			);
			buildRules = (
			);
			dependencies = (
			);
			name = MediasoftTaskProject;
			packageProductDependencies = (
				97FDA20D2866FBF7001D4A17 /* SnapKit */,
				971530D72869BC680025BC4E /* Alamofire */,
				97E32F8F286A2219000DD4A2 /* SnapKit */,
				974DC440286B8D960061DC83 /* Kingfisher */,
				97750CA2286CC4860095AFA6 /* SQLite */,
			);
			productName = MediasoftTaskProject;
			productReference = 97FDA1E52866EF96001D4A17 /* MediasoftTaskProject.app */;
			productType = "com.apple.product-type.application";
		};
/* End PBXNativeTarget section */

/* Begin PBXProject section */
		97FDA1DD2866EF96001D4A17 /* Project object */ = {
			isa = PBXProject;
			attributes = {
				BuildIndependentTargetsInParallel = 1;
				LastSwiftUpdateCheck = 1340;
				LastUpgradeCheck = 1340;
				TargetAttributes = {
					97FDA1E42866EF96001D4A17 = {
						CreatedOnToolsVersion = 13.4;
					};
				};
			};
			buildConfigurationList = 97FDA1E02866EF96001D4A17 /* Build configuration list for PBXProject "MediasoftTaskProject" */;
			compatibilityVersion = "Xcode 13.0";
			developmentRegion = en;
			hasScannedForEncodings = 0;
			knownRegions = (
				en,
				Base,
			);
			mainGroup = 97FDA1DC2866EF96001D4A17;
			packageReferences = (
				97FDA20C2866FBF7001D4A17 /* XCRemoteSwiftPackageReference "SnapKit" */,
				971530D62869BC680025BC4E /* XCRemoteSwiftPackageReference "Alamofire" */,
				97E32F8E286A2219000DD4A2 /* XCRemoteSwiftPackageReference "SnapKit" */,
				974DC43F286B8D960061DC83 /* XCRemoteSwiftPackageReference "Kingfisher" */,
				97750CA1286CC4860095AFA6 /* XCRemoteSwiftPackageReference "SQLite.swift" */,
			);
			productRefGroup = 97FDA1E62866EF96001D4A17 /* Products */;
			projectDirPath = "";
			projectRoot = "";
			targets = (
				97FDA1E42866EF96001D4A17 /* MediasoftTaskProject */,
			);
		};
/* End PBXProject section */

/* Begin PBXResourcesBuildPhase section */
		97FDA1E32866EF96001D4A17 /* Resources */ = {
			isa = PBXResourcesBuildPhase;
			buildActionMask = 2147483647;
			files = (
				97FDA1F52866EF97001D4A17 /* LaunchScreen.storyboard in Resources */,
				97FDA1F22866EF97001D4A17 /* Assets.xcassets in Resources */,
			);
			runOnlyForDeploymentPostprocessing = 0;
		};
/* End PBXResourcesBuildPhase section */

/* Begin PBXSourcesBuildPhase section */
		97FDA1E12866EF96001D4A17 /* Sources */ = {
			isa = PBXSourcesBuildPhase;
			buildActionMask = 2147483647;
			files = (
				971530DF2869CC520025BC4E /* ProfilesPresenter.swift in Sources */,
				97FDA2032866F50D001D4A17 /* FavouritesViewController.swift in Sources */,
				9781CC8328888B740076803D /* FavouritesViewCellModel.swift in Sources */,
				97FDA21F286727D7001D4A17 /* Profile.swift in Sources */,
				97FDA1FD2866F339001D4A17 /* LoginViewController.swift in Sources */,
				97FDA2082866F7BA001D4A17 /* FavouritesViewCell.swift in Sources */,
				971530EB2869DE520025BC4E /* FavouritesPresenter.swift in Sources */,
				971530D52869BC070025BC4E /* NetworkService.swift in Sources */,
				97FDA1E92866EF96001D4A17 /* AppDelegate.swift in Sources */,
				97FDA1FF2866F39F001D4A17 /* MainTabBarController.swift in Sources */,
				97FDA2012866F45E001D4A17 /* ProfilesViewController.swift in Sources */,
				971530D12869BA190025BC4E /* AppConstants.swift in Sources */,
				977D8226286E0BC200E9B27C /* DatabaseModel.swift in Sources */,
				97FDA2052866F79C001D4A17 /* ProfilesViewCell.swift in Sources */,
				9781CC8628888C090076803D /* ProfilesViewCellModel.swift in Sources */,
				97FDA1EB2866EF96001D4A17 /* SceneDelegate.swift in Sources */,
				977D8222286E0A1E00E9B27C /* SQLiteDatabase.swift in Sources */,
				977D8224286E0AD100E9B27C /* SQLiteCommands.swift in Sources */,
				971530D32869BBE20025BC4E /* TokenModel.swift in Sources */,
			);
			runOnlyForDeploymentPostprocessing = 0;
		};
/* End PBXSourcesBuildPhase section */

/* Begin PBXVariantGroup section */
		97FDA1F32866EF97001D4A17 /* LaunchScreen.storyboard */ = {
			isa = PBXVariantGroup;
			children = (
				97FDA1F42866EF97001D4A17 /* Base */,
			);
			name = LaunchScreen.storyboard;
			sourceTree = "<group>";
		};
/* End PBXVariantGroup section */

/* Begin XCBuildConfiguration section */
		97FDA1F72866EF97001D4A17 /* Debug */ = {
			isa = XCBuildConfiguration;
			buildSettings = {
				ALWAYS_SEARCH_USER_PATHS = NO;
				CLANG_ANALYZER_NONNULL = YES;
				CLANG_ANALYZER_NUMBER_OBJECT_CONVERSION = YES_AGGRESSIVE;
				CLANG_CXX_LANGUAGE_STANDARD = "gnu++17";
				CLANG_ENABLE_MODULES = YES;
				CLANG_ENABLE_OBJC_ARC = YES;
				CLANG_ENABLE_OBJC_WEAK = YES;
				CLANG_WARN_BLOCK_CAPTURE_AUTORELEASING = YES;
				CLANG_WARN_BOOL_CONVERSION = YES;
				CLANG_WARN_COMMA = YES;
				CLANG_WARN_CONSTANT_CONVERSION = YES;
				CLANG_WARN_DEPRECATED_OBJC_IMPLEMENTATIONS = YES;
				CLANG_WARN_DIRECT_OBJC_ISA_USAGE = YES_ERROR;
				CLANG_WARN_DOCUMENTATION_COMMENTS = YES;
				CLANG_WARN_EMPTY_BODY = YES;
				CLANG_WARN_ENUM_CONVERSION = YES;
				CLANG_WARN_INFINITE_RECURSION = YES;
				CLANG_WARN_INT_CONVERSION = YES;
				CLANG_WARN_NON_LITERAL_NULL_CONVERSION = YES;
				CLANG_WARN_OBJC_IMPLICIT_RETAIN_SELF = YES;
				CLANG_WARN_OBJC_LITERAL_CONVERSION = YES;
				CLANG_WARN_OBJC_ROOT_CLASS = YES_ERROR;
				CLANG_WARN_QUOTED_INCLUDE_IN_FRAMEWORK_HEADER = YES;
				CLANG_WARN_RANGE_LOOP_ANALYSIS = YES;
				CLANG_WARN_STRICT_PROTOTYPES = YES;
				CLANG_WARN_SUSPICIOUS_MOVE = YES;
				CLANG_WARN_UNGUARDED_AVAILABILITY = YES_AGGRESSIVE;
				CLANG_WARN_UNREACHABLE_CODE = YES;
				CLANG_WARN__DUPLICATE_METHOD_MATCH = YES;
				COPY_PHASE_STRIP = NO;
				DEBUG_INFORMATION_FORMAT = dwarf;
				ENABLE_STRICT_OBJC_MSGSEND = YES;
				ENABLE_TESTABILITY = YES;
				GCC_C_LANGUAGE_STANDARD = gnu11;
				GCC_DYNAMIC_NO_PIC = NO;
				GCC_NO_COMMON_BLOCKS = YES;
				GCC_OPTIMIZATION_LEVEL = 0;
				GCC_PREPROCESSOR_DEFINITIONS = (
					"DEBUG=1",
					"$(inherited)",
				);
				GCC_WARN_64_TO_32_BIT_CONVERSION = YES;
				GCC_WARN_ABOUT_RETURN_TYPE = YES_ERROR;
				GCC_WARN_UNDECLARED_SELECTOR = YES;
				GCC_WARN_UNINITIALIZED_AUTOS = YES_AGGRESSIVE;
				GCC_WARN_UNUSED_FUNCTION = YES;
				GCC_WARN_UNUSED_VARIABLE = YES;
				IPHONEOS_DEPLOYMENT_TARGET = 15.5;
				MTL_ENABLE_DEBUG_INFO = INCLUDE_SOURCE;
				MTL_FAST_MATH = YES;
				ONLY_ACTIVE_ARCH = YES;
				SDKROOT = iphoneos;
				SWIFT_ACTIVE_COMPILATION_CONDITIONS = DEBUG;
				SWIFT_OPTIMIZATION_LEVEL = "-Onone";
			};
			name = Debug;
		};
		97FDA1F82866EF97001D4A17 /* Release */ = {
			isa = XCBuildConfiguration;
			buildSettings = {
				ALWAYS_SEARCH_USER_PATHS = NO;
				CLANG_ANALYZER_NONNULL = YES;
				CLANG_ANALYZER_NUMBER_OBJECT_CONVERSION = YES_AGGRESSIVE;
				CLANG_CXX_LANGUAGE_STANDARD = "gnu++17";
				CLANG_ENABLE_MODULES = YES;
				CLANG_ENABLE_OBJC_ARC = YES;
				CLANG_ENABLE_OBJC_WEAK = YES;
				CLANG_WARN_BLOCK_CAPTURE_AUTORELEASING = YES;
				CLANG_WARN_BOOL_CONVERSION = YES;
				CLANG_WARN_COMMA = YES;
				CLANG_WARN_CONSTANT_CONVERSION = YES;
				CLANG_WARN_DEPRECATED_OBJC_IMPLEMENTATIONS = YES;
				CLANG_WARN_DIRECT_OBJC_ISA_USAGE = YES_ERROR;
				CLANG_WARN_DOCUMENTATION_COMMENTS = YES;
				CLANG_WARN_EMPTY_BODY = YES;
				CLANG_WARN_ENUM_CONVERSION = YES;
				CLANG_WARN_INFINITE_RECURSION = YES;
				CLANG_WARN_INT_CONVERSION = YES;
				CLANG_WARN_NON_LITERAL_NULL_CONVERSION = YES;
				CLANG_WARN_OBJC_IMPLICIT_RETAIN_SELF = YES;
				CLANG_WARN_OBJC_LITERAL_CONVERSION = YES;
				CLANG_WARN_OBJC_ROOT_CLASS = YES_ERROR;
				CLANG_WARN_QUOTED_INCLUDE_IN_FRAMEWORK_HEADER = YES;
				CLANG_WARN_RANGE_LOOP_ANALYSIS = YES;
				CLANG_WARN_STRICT_PROTOTYPES = YES;
				CLANG_WARN_SUSPICIOUS_MOVE = YES;
				CLANG_WARN_UNGUARDED_AVAILABILITY = YES_AGGRESSIVE;
				CLANG_WARN_UNREACHABLE_CODE = YES;
				CLANG_WARN__DUPLICATE_METHOD_MATCH = YES;
				COPY_PHASE_STRIP = NO;
				DEBUG_INFORMATION_FORMAT = "dwarf-with-dsym";
				ENABLE_NS_ASSERTIONS = NO;
				ENABLE_STRICT_OBJC_MSGSEND = YES;
				GCC_C_LANGUAGE_STANDARD = gnu11;
				GCC_NO_COMMON_BLOCKS = YES;
				GCC_WARN_64_TO_32_BIT_CONVERSION = YES;
				GCC_WARN_ABOUT_RETURN_TYPE = YES_ERROR;
				GCC_WARN_UNDECLARED_SELECTOR = YES;
				GCC_WARN_UNINITIALIZED_AUTOS = YES_AGGRESSIVE;
				GCC_WARN_UNUSED_FUNCTION = YES;
				GCC_WARN_UNUSED_VARIABLE = YES;
				IPHONEOS_DEPLOYMENT_TARGET = 15.5;
				MTL_ENABLE_DEBUG_INFO = NO;
				MTL_FAST_MATH = YES;
				SDKROOT = iphoneos;
				SWIFT_COMPILATION_MODE = wholemodule;
				SWIFT_OPTIMIZATION_LEVEL = "-O";
				VALIDATE_PRODUCT = YES;
			};
			name = Release;
		};
		97FDA1FA2866EF97001D4A17 /* Debug */ = {
			isa = XCBuildConfiguration;
			buildSettings = {
				ASSETCATALOG_COMPILER_APPICON_NAME = AppIcon;
				ASSETCATALOG_COMPILER_GLOBAL_ACCENT_COLOR_NAME = AccentColor;
				CODE_SIGN_STYLE = Automatic;
				CURRENT_PROJECT_VERSION = 1;
				DEVELOPMENT_TEAM = 3MN28SB7MH;
				GENERATE_INFOPLIST_FILE = YES;
				INFOPLIST_FILE = MediasoftTaskProject/Info.plist;
				INFOPLIST_KEY_UIApplicationSupportsIndirectInputEvents = YES;
				INFOPLIST_KEY_UILaunchStoryboardName = LaunchScreen;
				INFOPLIST_KEY_UISupportedInterfaceOrientations = UIInterfaceOrientationPortrait;
				INFOPLIST_KEY_UISupportedInterfaceOrientations_iPad = "UIInterfaceOrientationPortrait UIInterfaceOrientationPortraitUpsideDown UIInterfaceOrientationLandscapeLeft UIInterfaceOrientationLandscapeRight";
				INFOPLIST_KEY_UISupportedInterfaceOrientations_iPhone = "UIInterfaceOrientationPortrait UIInterfaceOrientationLandscapeLeft UIInterfaceOrientationLandscapeRight";
				IPHONEOS_DEPLOYMENT_TARGET = 15.0;
				LD_RUNPATH_SEARCH_PATHS = (
					"$(inherited)",
					"@executable_path/Frameworks",
				);
				MARKETING_VERSION = 1.0;
				PRODUCT_BUNDLE_IDENTIFIER = Sheelow.MediasoftTaskProject;
				PRODUCT_NAME = "$(TARGET_NAME)";
				SWIFT_EMIT_LOC_STRINGS = YES;
				SWIFT_VERSION = 5.0;
				TARGETED_DEVICE_FAMILY = 1;
			};
			name = Debug;
		};
		97FDA1FB2866EF97001D4A17 /* Release */ = {
			isa = XCBuildConfiguration;
			buildSettings = {
				ASSETCATALOG_COMPILER_APPICON_NAME = AppIcon;
				ASSETCATALOG_COMPILER_GLOBAL_ACCENT_COLOR_NAME = AccentColor;
				CODE_SIGN_STYLE = Automatic;
				CURRENT_PROJECT_VERSION = 1;
				DEVELOPMENT_TEAM = 3MN28SB7MH;
				GENERATE_INFOPLIST_FILE = YES;
				INFOPLIST_FILE = MediasoftTaskProject/Info.plist;
				INFOPLIST_KEY_UIApplicationSupportsIndirectInputEvents = YES;
				INFOPLIST_KEY_UILaunchStoryboardName = LaunchScreen;
				INFOPLIST_KEY_UISupportedInterfaceOrientations = UIInterfaceOrientationPortrait;
				INFOPLIST_KEY_UISupportedInterfaceOrientations_iPad = "UIInterfaceOrientationPortrait UIInterfaceOrientationPortraitUpsideDown UIInterfaceOrientationLandscapeLeft UIInterfaceOrientationLandscapeRight";
				INFOPLIST_KEY_UISupportedInterfaceOrientations_iPhone = "UIInterfaceOrientationPortrait UIInterfaceOrientationLandscapeLeft UIInterfaceOrientationLandscapeRight";
				IPHONEOS_DEPLOYMENT_TARGET = 15.0;
				LD_RUNPATH_SEARCH_PATHS = (
					"$(inherited)",
					"@executable_path/Frameworks",
				);
				MARKETING_VERSION = 1.0;
				PRODUCT_BUNDLE_IDENTIFIER = Sheelow.MediasoftTaskProject;
				PRODUCT_NAME = "$(TARGET_NAME)";
				SWIFT_EMIT_LOC_STRINGS = YES;
				SWIFT_VERSION = 5.0;
				TARGETED_DEVICE_FAMILY = 1;
			};
			name = Release;
		};
/* End XCBuildConfiguration section */

/* Begin XCConfigurationList section */
		97FDA1E02866EF96001D4A17 /* Build configuration list for PBXProject "MediasoftTaskProject" */ = {
			isa = XCConfigurationList;
			buildConfigurations = (
				97FDA1F72866EF97001D4A17 /* Debug */,
				97FDA1F82866EF97001D4A17 /* Release */,
			);
			defaultConfigurationIsVisible = 0;
			defaultConfigurationName = Release;
		};
		97FDA1F92866EF97001D4A17 /* Build configuration list for PBXNativeTarget "MediasoftTaskProject" */ = {
			isa = XCConfigurationList;
			buildConfigurations = (
				97FDA1FA2866EF97001D4A17 /* Debug */,
				97FDA1FB2866EF97001D4A17 /* Release */,
			);
			defaultConfigurationIsVisible = 0;
			defaultConfigurationName = Release;
		};
/* End XCConfigurationList section */

/* Begin XCRemoteSwiftPackageReference section */
		971530D62869BC680025BC4E /* XCRemoteSwiftPackageReference "Alamofire" */ = {
			isa = XCRemoteSwiftPackageReference;
			repositoryURL = "https://github.com/Alamofire/Alamofire.git";
			requirement = {
				kind = upToNextMajorVersion;
				minimumVersion = 5.0.0;
			};
		};
		974DC43F286B8D960061DC83 /* XCRemoteSwiftPackageReference "Kingfisher" */ = {
			isa = XCRemoteSwiftPackageReference;
			repositoryURL = "https://github.com/onevcat/Kingfisher.git";
			requirement = {
				branch = master;
				kind = branch;
			};
		};
		97750CA1286CC4860095AFA6 /* XCRemoteSwiftPackageReference "SQLite.swift" */ = {
			isa = XCRemoteSwiftPackageReference;
			repositoryURL = "https://github.com/stephencelis/SQLite.swift.git";
			requirement = {
				kind = upToNextMajorVersion;
				minimumVersion = 0.9.2;
			};
		};
		97E32F8E286A2219000DD4A2 /* XCRemoteSwiftPackageReference "SnapKit" */ = {
			isa = XCRemoteSwiftPackageReference;
			repositoryURL = "https://github.com/SnapKit/SnapKit.git";
			requirement = {
				branch = develop;
				kind = branch;
			};
		};
		97FDA20C2866FBF7001D4A17 /* XCRemoteSwiftPackageReference "SnapKit" */ = {
			isa = XCRemoteSwiftPackageReference;
			repositoryURL = "https://github.com/SnapKit/SnapKit.git";
			requirement = {
				branch = develop;
				kind = branch;
			};
		};
/* End XCRemoteSwiftPackageReference section */

/* Begin XCSwiftPackageProductDependency section */
		971530D72869BC680025BC4E /* Alamofire */ = {
			isa = XCSwiftPackageProductDependency;
			package = 971530D62869BC680025BC4E /* XCRemoteSwiftPackageReference "Alamofire" */;
			productName = Alamofire;
		};
		974DC440286B8D960061DC83 /* Kingfisher */ = {
			isa = XCSwiftPackageProductDependency;
			package = 974DC43F286B8D960061DC83 /* XCRemoteSwiftPackageReference "Kingfisher" */;
			productName = Kingfisher;
		};
		97750CA2286CC4860095AFA6 /* SQLite */ = {
			isa = XCSwiftPackageProductDependency;
			package = 97750CA1286CC4860095AFA6 /* XCRemoteSwiftPackageReference "SQLite.swift" */;
			productName = SQLite;
		};
		97E32F8F286A2219000DD4A2 /* SnapKit */ = {
			isa = XCSwiftPackageProductDependency;
			package = 97FDA20C2866FBF7001D4A17 /* XCRemoteSwiftPackageReference "SnapKit" */;
			productName = SnapKit;
		};
		97FDA20D2866FBF7001D4A17 /* SnapKit */ = {
			isa = XCSwiftPackageProductDependency;
			package = 97FDA20C2866FBF7001D4A17 /* XCRemoteSwiftPackageReference "SnapKit" */;
			productName = SnapKit;
		};
/* End XCSwiftPackageProductDependency section */
	};
	rootObject = 97FDA1DD2866EF96001D4A17 /* Project object */;
}
