// !$*UTF8*$!
{
	archiveVersion = 1;
	classes = {
	};
	objectVersion = 55;
	objects = {

/* Begin PBXBuildFile section */
		97FDA1E92866EF96001D4A17 /* AppDelegate.swift in Sources */ = {isa = PBXBuildFile; fileRef = 97FDA1E82866EF96001D4A17 /* AppDelegate.swift */; };
		97FDA1EB2866EF96001D4A17 /* SceneDelegate.swift in Sources */ = {isa = PBXBuildFile; fileRef = 97FDA1EA2866EF96001D4A17 /* SceneDelegate.swift */; };
		97FDA1F22866EF97001D4A17 /* Assets.xcassets in Resources */ = {isa = PBXBuildFile; fileRef = 97FDA1F12866EF97001D4A17 /* Assets.xcassets */; };
		97FDA1F52866EF97001D4A17 /* LaunchScreen.storyboard in Resources */ = {isa = PBXBuildFile; fileRef = 97FDA1F32866EF97001D4A17 /* LaunchScreen.storyboard */; };
		97FDA1FD2866F339001D4A17 /* LoginViewController.swift in Sources */ = {isa = PBXBuildFile; fileRef = 97FDA1FC2866F339001D4A17 /* LoginViewController.swift */; };
		97FDA1FF2866F39F001D4A17 /* MainTabBarController.swift in Sources */ = {isa = PBXBuildFile; fileRef = 97FDA1FE2866F39F001D4A17 /* MainTabBarController.swift */; };
		97FDA2012866F45E001D4A17 /* TableViewController.swift in Sources */ = {isa = PBXBuildFile; fileRef = 97FDA2002866F45E001D4A17 /* TableViewController.swift */; };
		97FDA2032866F50D001D4A17 /* CollectionViewController.swift in Sources */ = {isa = PBXBuildFile; fileRef = 97FDA2022866F50D001D4A17 /* CollectionViewController.swift */; };
		97FDA2052866F79C001D4A17 /* TableViewCell.swift in Sources */ = {isa = PBXBuildFile; fileRef = 97FDA2042866F79C001D4A17 /* TableViewCell.swift */; };
		97FDA2082866F7BA001D4A17 /* CollectionViewCell.swift in Sources */ = {isa = PBXBuildFile; fileRef = 97FDA2072866F7BA001D4A17 /* CollectionViewCell.swift */; };
		97FDA20E2866FBF7001D4A17 /* SnapKit in Frameworks */ = {isa = PBXBuildFile; productRef = 97FDA20D2866FBF7001D4A17 /* SnapKit */; };
		97FDA21028672360001D4A17 /* LoginViewModel.swift in Sources */ = {isa = PBXBuildFile; fileRef = 97FDA20F28672360001D4A17 /* LoginViewModel.swift */; };
		97FDA2132867238C001D4A17 /* LoginViewModelProtocol.swift in Sources */ = {isa = PBXBuildFile; fileRef = 97FDA2122867238C001D4A17 /* LoginViewModelProtocol.swift */; };
		97FDA216286725EE001D4A17 /* TableViewViewModel.swift in Sources */ = {isa = PBXBuildFile; fileRef = 97FDA215286725EE001D4A17 /* TableViewViewModel.swift */; };
		97FDA2182867260B001D4A17 /* TableViewCellViewModel.swift in Sources */ = {isa = PBXBuildFile; fileRef = 97FDA2172867260B001D4A17 /* TableViewCellViewModel.swift */; };
		97FDA21A2867262C001D4A17 /* TableViewCellViewModelProtocol.swift in Sources */ = {isa = PBXBuildFile; fileRef = 97FDA2192867262C001D4A17 /* TableViewCellViewModelProtocol.swift */; };
		97FDA21C2867265C001D4A17 /* TableViewViewModelProtocol.swift in Sources */ = {isa = PBXBuildFile; fileRef = 97FDA21B2867265C001D4A17 /* TableViewViewModelProtocol.swift */; };
		97FDA21F286727D7001D4A17 /* Profile.swift in Sources */ = {isa = PBXBuildFile; fileRef = 97FDA21E286727D7001D4A17 /* Profile.swift */; };
/* End PBXBuildFile section */

/* Begin PBXFileReference section */
		97FDA1E52866EF96001D4A17 /* MediasoftTaskProject.app */ = {isa = PBXFileReference; explicitFileType = wrapper.application; includeInIndex = 0; path = MediasoftTaskProject.app; sourceTree = BUILT_PRODUCTS_DIR; };
		97FDA1E82866EF96001D4A17 /* AppDelegate.swift */ = {isa = PBXFileReference; lastKnownFileType = sourcecode.swift; path = AppDelegate.swift; sourceTree = "<group>"; };
		97FDA1EA2866EF96001D4A17 /* SceneDelegate.swift */ = {isa = PBXFileReference; lastKnownFileType = sourcecode.swift; path = SceneDelegate.swift; sourceTree = "<group>"; };
		97FDA1F12866EF97001D4A17 /* Assets.xcassets */ = {isa = PBXFileReference; lastKnownFileType = folder.assetcatalog; path = Assets.xcassets; sourceTree = "<group>"; };
		97FDA1F42866EF97001D4A17 /* Base */ = {isa = PBXFileReference; lastKnownFileType = file.storyboard; name = Base; path = Base.lproj/LaunchScreen.storyboard; sourceTree = "<group>"; };
		97FDA1F62866EF97001D4A17 /* Info.plist */ = {isa = PBXFileReference; lastKnownFileType = text.plist.xml; path = Info.plist; sourceTree = "<group>"; };
		97FDA1FC2866F339001D4A17 /* LoginViewController.swift */ = {isa = PBXFileReference; lastKnownFileType = sourcecode.swift; path = LoginViewController.swift; sourceTree = "<group>"; };
		97FDA1FE2866F39F001D4A17 /* MainTabBarController.swift */ = {isa = PBXFileReference; lastKnownFileType = sourcecode.swift; path = MainTabBarController.swift; sourceTree = "<group>"; };
		97FDA2002866F45E001D4A17 /* TableViewController.swift */ = {isa = PBXFileReference; lastKnownFileType = sourcecode.swift; path = TableViewController.swift; sourceTree = "<group>"; };
		97FDA2022866F50D001D4A17 /* CollectionViewController.swift */ = {isa = PBXFileReference; lastKnownFileType = sourcecode.swift; path = CollectionViewController.swift; sourceTree = "<group>"; };
		97FDA2042866F79C001D4A17 /* TableViewCell.swift */ = {isa = PBXFileReference; lastKnownFileType = sourcecode.swift; path = TableViewCell.swift; sourceTree = "<group>"; };
		97FDA2072866F7BA001D4A17 /* CollectionViewCell.swift */ = {isa = PBXFileReference; lastKnownFileType = sourcecode.swift; path = CollectionViewCell.swift; sourceTree = "<group>"; };
		97FDA20F28672360001D4A17 /* LoginViewModel.swift */ = {isa = PBXFileReference; lastKnownFileType = sourcecode.swift; path = LoginViewModel.swift; sourceTree = "<group>"; };
		97FDA2122867238C001D4A17 /* LoginViewModelProtocol.swift */ = {isa = PBXFileReference; lastKnownFileType = sourcecode.swift; path = LoginViewModelProtocol.swift; sourceTree = "<group>"; };
		97FDA215286725EE001D4A17 /* TableViewViewModel.swift */ = {isa = PBXFileReference; lastKnownFileType = sourcecode.swift; path = TableViewViewModel.swift; sourceTree = "<group>"; };
		97FDA2172867260B001D4A17 /* TableViewCellViewModel.swift */ = {isa = PBXFileReference; lastKnownFileType = sourcecode.swift; path = TableViewCellViewModel.swift; sourceTree = "<group>"; };
		97FDA2192867262C001D4A17 /* TableViewCellViewModelProtocol.swift */ = {isa = PBXFileReference; lastKnownFileType = sourcecode.swift; path = TableViewCellViewModelProtocol.swift; sourceTree = "<group>"; };
		97FDA21B2867265C001D4A17 /* TableViewViewModelProtocol.swift */ = {isa = PBXFileReference; lastKnownFileType = sourcecode.swift; path = TableViewViewModelProtocol.swift; sourceTree = "<group>"; };
		97FDA21E286727D7001D4A17 /* Profile.swift */ = {isa = PBXFileReference; lastKnownFileType = sourcecode.swift; path = Profile.swift; sourceTree = "<group>"; };
/* End PBXFileReference section */

/* Begin PBXFrameworksBuildPhase section */
		97FDA1E22866EF96001D4A17 /* Frameworks */ = {
			isa = PBXFrameworksBuildPhase;
			buildActionMask = 2147483647;
			files = (
				97FDA20E2866FBF7001D4A17 /* SnapKit in Frameworks */,
			);
			runOnlyForDeploymentPostprocessing = 0;
		};
/* End PBXFrameworksBuildPhase section */

/* Begin PBXGroup section */
		97FDA1DC2866EF96001D4A17 = {
			isa = PBXGroup;
			children = (
				97FDA1E72866EF96001D4A17 /* MediasoftTaskProject */,
				97FDA1E62866EF96001D4A17 /* Products */,
			);
			sourceTree = "<group>";
		};
		97FDA1E62866EF96001D4A17 /* Products */ = {
			isa = PBXGroup;
			children = (
				97FDA1E52866EF96001D4A17 /* MediasoftTaskProject.app */,
			);
			name = Products;
			sourceTree = "<group>";
		};
		97FDA1E72866EF96001D4A17 /* MediasoftTaskProject */ = {
			isa = PBXGroup;
			children = (
				97FDA1E82866EF96001D4A17 /* AppDelegate.swift */,
				97FDA1EA2866EF96001D4A17 /* SceneDelegate.swift */,
				97FDA2092866F7BE001D4A17 /* CollectionViewModule */,
				97FDA20A2866F92A001D4A17 /* LoginViewModule */,
				97FDA21D286727BF001D4A17 /* Models */,
				97FDA20B2866F944001D4A17 /* TabBarController */,
				97FDA2062866F7A3001D4A17 /* TableViewModule */,
				97FDA21128672376001D4A17 /* Protocols */,
				97FDA214286723C0001D4A17 /* ViewModels */,
				97FDA1F12866EF97001D4A17 /* Assets.xcassets */,
				97FDA1F32866EF97001D4A17 /* LaunchScreen.storyboard */,
				97FDA1F62866EF97001D4A17 /* Info.plist */,
			);
			path = MediasoftTaskProject;
			sourceTree = "<group>";
		};
		97FDA2062866F7A3001D4A17 /* TableViewModule */ = {
			isa = PBXGroup;
			children = (
				97FDA2002866F45E001D4A17 /* TableViewController.swift */,
				97FDA2042866F79C001D4A17 /* TableViewCell.swift */,
			);
			path = TableViewModule;
			sourceTree = "<group>";
		};
		97FDA2092866F7BE001D4A17 /* CollectionViewModule */ = {
			isa = PBXGroup;
			children = (
				97FDA2022866F50D001D4A17 /* CollectionViewController.swift */,
				97FDA2072866F7BA001D4A17 /* CollectionViewCell.swift */,
			);
			path = CollectionViewModule;
			sourceTree = "<group>";
		};
		97FDA20A2866F92A001D4A17 /* LoginViewModule */ = {
			isa = PBXGroup;
			children = (
				97FDA1FC2866F339001D4A17 /* LoginViewController.swift */,
			);
			path = LoginViewModule;
			sourceTree = "<group>";
		};
		97FDA20B2866F944001D4A17 /* TabBarController */ = {
			isa = PBXGroup;
			children = (
				97FDA1FE2866F39F001D4A17 /* MainTabBarController.swift */,
			);
			path = TabBarController;
			sourceTree = "<group>";
		};
		97FDA21128672376001D4A17 /* Protocols */ = {
			isa = PBXGroup;
			children = (
				97FDA2122867238C001D4A17 /* LoginViewModelProtocol.swift */,
				97FDA2192867262C001D4A17 /* TableViewCellViewModelProtocol.swift */,
				97FDA21B2867265C001D4A17 /* TableViewViewModelProtocol.swift */,
			);
			path = Protocols;
			sourceTree = "<group>";
		};
		97FDA214286723C0001D4A17 /* ViewModels */ = {
			isa = PBXGroup;
			children = (
				97FDA20F28672360001D4A17 /* LoginViewModel.swift */,
				97FDA2172867260B001D4A17 /* TableViewCellViewModel.swift */,
				97FDA215286725EE001D4A17 /* TableViewViewModel.swift */,
			);
			path = ViewModels;
			sourceTree = "<group>";
		};
		97FDA21D286727BF001D4A17 /* Models */ = {
			isa = PBXGroup;
			children = (
				97FDA21E286727D7001D4A17 /* Profile.swift */,
			);
			path = Models;
			sourceTree = "<group>";
		};
/* End PBXGroup section */

/* Begin PBXNativeTarget section */
		97FDA1E42866EF96001D4A17 /* MediasoftTaskProject */ = {
			isa = PBXNativeTarget;
			buildConfigurationList = 97FDA1F92866EF97001D4A17 /* Build configuration list for PBXNativeTarget "MediasoftTaskProject" */;
			buildPhases = (
				97FDA1E12866EF96001D4A17 /* Sources */,
				97FDA1E22866EF96001D4A17 /* Frameworks */,
				97FDA1E32866EF96001D4A17 /* Resources */,
			);
			buildRules = (
			);
			dependencies = (
			);
			name = MediasoftTaskProject;
			packageProductDependencies = (
				97FDA20D2866FBF7001D4A17 /* SnapKit */,
			);
			productName = MediasoftTaskProject;
			productReference = 97FDA1E52866EF96001D4A17 /* MediasoftTaskProject.app */;
			productType = "com.apple.product-type.application";
		};
/* End PBXNativeTarget section */

/* Begin PBXProject section */
		97FDA1DD2866EF96001D4A17 /* Project object */ = {
			isa = PBXProject;
			attributes = {
				BuildIndependentTargetsInParallel = 1;
				LastSwiftUpdateCheck = 1340;
				LastUpgradeCheck = 1340;
				TargetAttributes = {
					97FDA1E42866EF96001D4A17 = {
						CreatedOnToolsVersion = 13.4;
					};
				};
			};
			buildConfigurationList = 97FDA1E02866EF96001D4A17 /* Build configuration list for PBXProject "MediasoftTaskProject" */;
			compatibilityVersion = "Xcode 13.0";
			developmentRegion = en;
			hasScannedForEncodings = 0;
			knownRegions = (
				en,
				Base,
			);
			mainGroup = 97FDA1DC2866EF96001D4A17;
			packageReferences = (
				97FDA20C2866FBF7001D4A17 /* XCRemoteSwiftPackageReference "SnapKit" */,
			);
			productRefGroup = 97FDA1E62866EF96001D4A17 /* Products */;
			projectDirPath = "";
			projectRoot = "";
			targets = (
				97FDA1E42866EF96001D4A17 /* MediasoftTaskProject */,
			);
		};
/* End PBXProject section */

/* Begin PBXResourcesBuildPhase section */
		97FDA1E32866EF96001D4A17 /* Resources */ = {
			isa = PBXResourcesBuildPhase;
			buildActionMask = 2147483647;
			files = (
				97FDA1F52866EF97001D4A17 /* LaunchScreen.storyboard in Resources */,
				97FDA1F22866EF97001D4A17 /* Assets.xcassets in Resources */,
			);
			runOnlyForDeploymentPostprocessing = 0;
		};
/* End PBXResourcesBuildPhase section */

/* Begin PBXSourcesBuildPhase section */
		97FDA1E12866EF96001D4A17 /* Sources */ = {
			isa = PBXSourcesBuildPhase;
			buildActionMask = 2147483647;
			files = (
				97FDA2032866F50D001D4A17 /* CollectionViewController.swift in Sources */,
				97FDA21F286727D7001D4A17 /* Profile.swift in Sources */,
				97FDA1FD2866F339001D4A17 /* LoginViewController.swift in Sources */,
				97FDA2082866F7BA001D4A17 /* CollectionViewCell.swift in Sources */,
				97FDA1E92866EF96001D4A17 /* AppDelegate.swift in Sources */,
				97FDA1FF2866F39F001D4A17 /* MainTabBarController.swift in Sources */,
				97FDA2012866F45E001D4A17 /* TableViewController.swift in Sources */,
				97FDA2182867260B001D4A17 /* TableViewCellViewModel.swift in Sources */,
				97FDA2052866F79C001D4A17 /* TableViewCell.swift in Sources */,
				97FDA1EB2866EF96001D4A17 /* SceneDelegate.swift in Sources */,
				97FDA216286725EE001D4A17 /* TableViewViewModel.swift in Sources */,
				97FDA21C2867265C001D4A17 /* TableViewViewModelProtocol.swift in Sources */,
				97FDA2132867238C001D4A17 /* LoginViewModelProtocol.swift in Sources */,
				97FDA21A2867262C001D4A17 /* TableViewCellViewModelProtocol.swift in Sources */,
				97FDA21028672360001D4A17 /* LoginViewModel.swift in Sources */,
			);
			runOnlyForDeploymentPostprocessing = 0;
		};
/* End PBXSourcesBuildPhase section */

/* Begin PBXVariantGroup section */
		97FDA1F32866EF97001D4A17 /* LaunchScreen.storyboard */ = {
			isa = PBXVariantGroup;
			children = (
				97FDA1F42866EF97001D4A17 /* Base */,
			);
			name = LaunchScreen.storyboard;
			sourceTree = "<group>";
		};
/* End PBXVariantGroup section */

/* Begin XCBuildConfiguration section */
		97FDA1F72866EF97001D4A17 /* Debug */ = {
			isa = XCBuildConfiguration;
			buildSettings = {
				ALWAYS_SEARCH_USER_PATHS = NO;
				CLANG_ANALYZER_NONNULL = YES;
				CLANG_ANALYZER_NUMBER_OBJECT_CONVERSION = YES_AGGRESSIVE;
				CLANG_CXX_LANGUAGE_STANDARD = "gnu++17";
				CLANG_ENABLE_MODULES = YES;
				CLANG_ENABLE_OBJC_ARC = YES;
				CLANG_ENABLE_OBJC_WEAK = YES;
				CLANG_WARN_BLOCK_CAPTURE_AUTORELEASING = YES;
				CLANG_WARN_BOOL_CONVERSION = YES;
				CLANG_WARN_COMMA = YES;
				CLANG_WARN_CONSTANT_CONVERSION = YES;
				CLANG_WARN_DEPRECATED_OBJC_IMPLEMENTATIONS = YES;
				CLANG_WARN_DIRECT_OBJC_ISA_USAGE = YES_ERROR;
				CLANG_WARN_DOCUMENTATION_COMMENTS = YES;
				CLANG_WARN_EMPTY_BODY = YES;
				CLANG_WARN_ENUM_CONVERSION = YES;
				CLANG_WARN_INFINITE_RECURSION = YES;
				CLANG_WARN_INT_CONVERSION = YES;
				CLANG_WARN_NON_LITERAL_NULL_CONVERSION = YES;
				CLANG_WARN_OBJC_IMPLICIT_RETAIN_SELF = YES;
				CLANG_WARN_OBJC_LITERAL_CONVERSION = YES;
				CLANG_WARN_OBJC_ROOT_CLASS = YES_ERROR;
				CLANG_WARN_QUOTED_INCLUDE_IN_FRAMEWORK_HEADER = YES;
				CLANG_WARN_RANGE_LOOP_ANALYSIS = YES;
				CLANG_WARN_STRICT_PROTOTYPES = YES;
				CLANG_WARN_SUSPICIOUS_MOVE = YES;
				CLANG_WARN_UNGUARDED_AVAILABILITY = YES_AGGRESSIVE;
				CLANG_WARN_UNREACHABLE_CODE = YES;
				CLANG_WARN__DUPLICATE_METHOD_MATCH = YES;
				COPY_PHASE_STRIP = NO;
				DEBUG_INFORMATION_FORMAT = dwarf;
				ENABLE_STRICT_OBJC_MSGSEND = YES;
				ENABLE_TESTABILITY = YES;
				GCC_C_LANGUAGE_STANDARD = gnu11;
				GCC_DYNAMIC_NO_PIC = NO;
				GCC_NO_COMMON_BLOCKS = YES;
				GCC_OPTIMIZATION_LEVEL = 0;
				GCC_PREPROCESSOR_DEFINITIONS = (
					"DEBUG=1",
					"$(inherited)",
				);
				GCC_WARN_64_TO_32_BIT_CONVERSION = YES;
				GCC_WARN_ABOUT_RETURN_TYPE = YES_ERROR;
				GCC_WARN_UNDECLARED_SELECTOR = YES;
				GCC_WARN_UNINITIALIZED_AUTOS = YES_AGGRESSIVE;
				GCC_WARN_UNUSED_FUNCTION = YES;
				GCC_WARN_UNUSED_VARIABLE = YES;
				IPHONEOS_DEPLOYMENT_TARGET = 15.5;
				MTL_ENABLE_DEBUG_INFO = INCLUDE_SOURCE;
				MTL_FAST_MATH = YES;
				ONLY_ACTIVE_ARCH = YES;
				SDKROOT = iphoneos;
				SWIFT_ACTIVE_COMPILATION_CONDITIONS = DEBUG;
				SWIFT_OPTIMIZATION_LEVEL = "-Onone";
			};
			name = Debug;
		};
		97FDA1F82866EF97001D4A17 /* Release */ = {
			isa = XCBuildConfiguration;
			buildSettings = {
				ALWAYS_SEARCH_USER_PATHS = NO;
				CLANG_ANALYZER_NONNULL = YES;
				CLANG_ANALYZER_NUMBER_OBJECT_CONVERSION = YES_AGGRESSIVE;
				CLANG_CXX_LANGUAGE_STANDARD = "gnu++17";
				CLANG_ENABLE_MODULES = YES;
				CLANG_ENABLE_OBJC_ARC = YES;
				CLANG_ENABLE_OBJC_WEAK = YES;
				CLANG_WARN_BLOCK_CAPTURE_AUTORELEASING = YES;
				CLANG_WARN_BOOL_CONVERSION = YES;
				CLANG_WARN_COMMA = YES;
				CLANG_WARN_CONSTANT_CONVERSION = YES;
				CLANG_WARN_DEPRECATED_OBJC_IMPLEMENTATIONS = YES;
				CLANG_WARN_DIRECT_OBJC_ISA_USAGE = YES_ERROR;
				CLANG_WARN_DOCUMENTATION_COMMENTS = YES;
				CLANG_WARN_EMPTY_BODY = YES;
				CLANG_WARN_ENUM_CONVERSION = YES;
				CLANG_WARN_INFINITE_RECURSION = YES;
				CLANG_WARN_INT_CONVERSION = YES;
				CLANG_WARN_NON_LITERAL_NULL_CONVERSION = YES;
				CLANG_WARN_OBJC_IMPLICIT_RETAIN_SELF = YES;
				CLANG_WARN_OBJC_LITERAL_CONVERSION = YES;
				CLANG_WARN_OBJC_ROOT_CLASS = YES_ERROR;
				CLANG_WARN_QUOTED_INCLUDE_IN_FRAMEWORK_HEADER = YES;
				CLANG_WARN_RANGE_LOOP_ANALYSIS = YES;
				CLANG_WARN_STRICT_PROTOTYPES = YES;
				CLANG_WARN_SUSPICIOUS_MOVE = YES;
				CLANG_WARN_UNGUARDED_AVAILABILITY = YES_AGGRESSIVE;
				CLANG_WARN_UNREACHABLE_CODE = YES;
				CLANG_WARN__DUPLICATE_METHOD_MATCH = YES;
				COPY_PHASE_STRIP = NO;
				DEBUG_INFORMATION_FORMAT = "dwarf-with-dsym";
				ENABLE_NS_ASSERTIONS = NO;
				ENABLE_STRICT_OBJC_MSGSEND = YES;
				GCC_C_LANGUAGE_STANDARD = gnu11;
				GCC_NO_COMMON_BLOCKS = YES;
				GCC_WARN_64_TO_32_BIT_CONVERSION = YES;
				GCC_WARN_ABOUT_RETURN_TYPE = YES_ERROR;
				GCC_WARN_UNDECLARED_SELECTOR = YES;
				GCC_WARN_UNINITIALIZED_AUTOS = YES_AGGRESSIVE;
				GCC_WARN_UNUSED_FUNCTION = YES;
				GCC_WARN_UNUSED_VARIABLE = YES;
				IPHONEOS_DEPLOYMENT_TARGET = 15.5;
				MTL_ENABLE_DEBUG_INFO = NO;
				MTL_FAST_MATH = YES;
				SDKROOT = iphoneos;
				SWIFT_COMPILATION_MODE = wholemodule;
				SWIFT_OPTIMIZATION_LEVEL = "-O";
				VALIDATE_PRODUCT = YES;
			};
			name = Release;
		};
		97FDA1FA2866EF97001D4A17 /* Debug */ = {
			isa = XCBuildConfiguration;
			buildSettings = {
				ASSETCATALOG_COMPILER_APPICON_NAME = AppIcon;
				ASSETCATALOG_COMPILER_GLOBAL_ACCENT_COLOR_NAME = AccentColor;
				CODE_SIGN_STYLE = Automatic;
				CURRENT_PROJECT_VERSION = 1;
				DEVELOPMENT_TEAM = 3MN28SB7MH;
				GENERATE_INFOPLIST_FILE = YES;
				INFOPLIST_FILE = MediasoftTaskProject/Info.plist;
				INFOPLIST_KEY_UIApplicationSupportsIndirectInputEvents = YES;
				INFOPLIST_KEY_UILaunchStoryboardName = LaunchScreen;
				INFOPLIST_KEY_UISupportedInterfaceOrientations = "UIInterfaceOrientationPortrait UIInterfaceOrientationLandscapeLeft UIInterfaceOrientationLandscapeRight";
				INFOPLIST_KEY_UISupportedInterfaceOrientations_iPad = "UIInterfaceOrientationPortrait UIInterfaceOrientationPortraitUpsideDown UIInterfaceOrientationLandscapeLeft UIInterfaceOrientationLandscapeRight";
				INFOPLIST_KEY_UISupportedInterfaceOrientations_iPhone = "UIInterfaceOrientationPortrait UIInterfaceOrientationLandscapeLeft UIInterfaceOrientationLandscapeRight";
				IPHONEOS_DEPLOYMENT_TARGET = 15.0;
				LD_RUNPATH_SEARCH_PATHS = (
					"$(inherited)",
					"@executable_path/Frameworks",
				);
				MARKETING_VERSION = 1.0;
				PRODUCT_BUNDLE_IDENTIFIER = Sheelow.MediasoftTaskProject;
				PRODUCT_NAME = "$(TARGET_NAME)";
				SWIFT_EMIT_LOC_STRINGS = YES;
				SWIFT_VERSION = 5.0;
				TARGETED_DEVICE_FAMILY = 1;
			};
			name = Debug;
		};
		97FDA1FB2866EF97001D4A17 /* Release */ = {
			isa = XCBuildConfiguration;
			buildSettings = {
				ASSETCATALOG_COMPILER_APPICON_NAME = AppIcon;
				ASSETCATALOG_COMPILER_GLOBAL_ACCENT_COLOR_NAME = AccentColor;
				CODE_SIGN_STYLE = Automatic;
				CURRENT_PROJECT_VERSION = 1;
				DEVELOPMENT_TEAM = 3MN28SB7MH;
				GENERATE_INFOPLIST_FILE = YES;
				INFOPLIST_FILE = MediasoftTaskProject/Info.plist;
				INFOPLIST_KEY_UIApplicationSupportsIndirectInputEvents = YES;
				INFOPLIST_KEY_UILaunchStoryboardName = LaunchScreen;
				INFOPLIST_KEY_UISupportedInterfaceOrientations = "UIInterfaceOrientationPortrait UIInterfaceOrientationLandscapeLeft UIInterfaceOrientationLandscapeRight";
				INFOPLIST_KEY_UISupportedInterfaceOrientations_iPad = "UIInterfaceOrientationPortrait UIInterfaceOrientationPortraitUpsideDown UIInterfaceOrientationLandscapeLeft UIInterfaceOrientationLandscapeRight";
				INFOPLIST_KEY_UISupportedInterfaceOrientations_iPhone = "UIInterfaceOrientationPortrait UIInterfaceOrientationLandscapeLeft UIInterfaceOrientationLandscapeRight";
				IPHONEOS_DEPLOYMENT_TARGET = 15.0;
				LD_RUNPATH_SEARCH_PATHS = (
					"$(inherited)",
					"@executable_path/Frameworks",
				);
				MARKETING_VERSION = 1.0;
				PRODUCT_BUNDLE_IDENTIFIER = Sheelow.MediasoftTaskProject;
				PRODUCT_NAME = "$(TARGET_NAME)";
				SWIFT_EMIT_LOC_STRINGS = YES;
				SWIFT_VERSION = 5.0;
				TARGETED_DEVICE_FAMILY = 1;
			};
			name = Release;
		};
/* End XCBuildConfiguration section */

/* Begin XCConfigurationList section */
		97FDA1E02866EF96001D4A17 /* Build configuration list for PBXProject "MediasoftTaskProject" */ = {
			isa = XCConfigurationList;
			buildConfigurations = (
				97FDA1F72866EF97001D4A17 /* Debug */,
				97FDA1F82866EF97001D4A17 /* Release */,
			);
			defaultConfigurationIsVisible = 0;
			defaultConfigurationName = Release;
		};
		97FDA1F92866EF97001D4A17 /* Build configuration list for PBXNativeTarget "MediasoftTaskProject" */ = {
			isa = XCConfigurationList;
			buildConfigurations = (
				97FDA1FA2866EF97001D4A17 /* Debug */,
				97FDA1FB2866EF97001D4A17 /* Release */,
			);
			defaultConfigurationIsVisible = 0;
			defaultConfigurationName = Release;
		};
/* End XCConfigurationList section */

/* Begin XCRemoteSwiftPackageReference section */
		97FDA20C2866FBF7001D4A17 /* XCRemoteSwiftPackageReference "SnapKit" */ = {
			isa = XCRemoteSwiftPackageReference;
			repositoryURL = "https://github.com/SnapKit/SnapKit.git";
			requirement = {
				branch = develop;
				kind = branch;
			};
		};
/* End XCRemoteSwiftPackageReference section */

/* Begin XCSwiftPackageProductDependency section */
		97FDA20D2866FBF7001D4A17 /* SnapKit */ = {
			isa = XCSwiftPackageProductDependency;
			package = 97FDA20C2866FBF7001D4A17 /* XCRemoteSwiftPackageReference "SnapKit" */;
			productName = SnapKit;
		};
/* End XCSwiftPackageProductDependency section */
	};
	rootObject = 97FDA1DD2866EF96001D4A17 /* Project object */;
}
